
Microsoft Visual Studio Solution File, Format Version 12.00
# Visual Studio Version 16
VisualStudioVersion = 16.0.34601.136
MinimumVisualStudioVersion = 10.0.40219.1
Project("{FAE04EC0-301F-11D3-BF4B-00C04F79EFBC}") = "Math Calculator", "Math Calculator\Math Calculator.csproj", "{3D3C77C5-AA31-4397-84E8-AE148EC08647}"
EndProject
Global
	GlobalSection(SolutionConfigurationPlatforms) = preSolution
		Debug|Any CPU = Debug|Any CPU
		Release|Any CPU = Release|Any CPU
	EndGlobalSection
	GlobalSection(ProjectConfigurationPlatforms) = postSolution
		{3D3C77C5-AA31-4397-84E8-AE148EC08647}.Debug|Any CPU.ActiveCfg = Debug|Any CPU
		{3D3C77C5-AA31-4397-84E8-AE148EC08647}.Debug|Any CPU.Build.0 = Debug|Any CPU
		{3D3C77C5-AA31-4397-84E8-AE148EC08647}.Release|Any CPU.ActiveCfg = Release|Any CPU
		{3D3C77C5-AA31-4397-84E8-AE148EC08647}.Release|Any CPU.Build.0 = Release|Any CPU
	EndGlobalSection
	GlobalSection(SolutionProperties) = preSolution
		HideSolutionNode = FALSE
	EndGlobalSection
	GlobalSection(ExtensibilityGlobals) = postSolution
		SolutionGuid = {09F263FD-9C8C-4747-9E43-BF085C8FC29D}
	EndGlobalSection
EndGlobal
